
Microsoft Visual Studio Solution File, Format Version 12.00
# Visual Studio Version 16
VisualStudioVersion = 16.0.32228.343
MinimumVisualStudioVersion = 10.0.40219.1
Project("{FAE04EC0-301F-11D3-BF4B-00C04F79EFBC}") = "WebBanHangOnline", "WebBanHangOnline\WebBanHangOnline.csproj", "{43D66247-0E50-468E-AB54-2FB002C6D97C}"
EndProject
Global
	GlobalSection(SolutionConfigurationPlatforms) = preSolution
		Debug|Any CPU = Debug|Any CPU
		Release|Any CPU = Release|Any CPU
	EndGlobalSection
	GlobalSection(ProjectConfigurationPlatforms) = postSolution
		{43D66247-0E50-468E-AB54-2FB002C6D97C}.Debug|Any CPU.ActiveCfg = Debug|Any CPU
		{43D66247-0E50-468E-AB54-2FB002C6D97C}.Debug|Any CPU.Build.0 = Debug|Any CPU
		{43D66247-0E50-468E-AB54-2FB002C6D97C}.Release|Any CPU.ActiveCfg = Release|Any CPU
		{43D66247-0E50-468E-AB54-2FB002C6D97C}.Release|Any CPU.Build.0 = Release|Any CPU
	EndGlobalSection
	GlobalSection(SolutionProperties) = preSolution
		HideSolutionNode = FALSE
	EndGlobalSection
	GlobalSection(ExtensibilityGlobals) = postSolution
		SolutionGuid = {5EADE4D0-ED9B-40E9-A63A-21EB7FF7A859}
	EndGlobalSection
EndGlobal
